
Microsoft Visual Studio Solution File, Format Version 12.00
# Visual Studio Version 17
VisualStudioVersion = 17.3.32804.467
MinimumVisualStudioVersion = 10.0.40219.1
Project("{FAE04EC0-301F-11D3-BF4B-00C04F79EFBC}") = "Aerialist", "WPFUserInterface\Aerialist.csproj", "{439CC305-652A-4B05-9EA5-7F8B3644AB1E}"
EndProject
Global
	GlobalSection(SolutionConfigurationPlatforms) = preSolution
		Debug|Any CPU = Debug|Any CPU
		Release|Any CPU = Release|Any CPU
	EndGlobalSection
	GlobalSection(ProjectConfigurationPlatforms) = postSolution
		{439CC305-652A-4B05-9EA5-7F8B3644AB1E}.Debug|Any CPU.ActiveCfg = Debug|Any CPU
		{439CC305-652A-4B05-9EA5-7F8B3644AB1E}.Debug|Any CPU.Build.0 = Debug|Any CPU
		{439CC305-652A-4B05-9EA5-7F8B3644AB1E}.Release|Any CPU.ActiveCfg = Release|Any CPU
		{439CC305-652A-4B05-9EA5-7F8B3644AB1E}.Release|Any CPU.Build.0 = Release|Any CPU
	EndGlobalSection
	GlobalSection(SolutionProperties) = preSolution
		HideSolutionNode = FALSE
	EndGlobalSection
	GlobalSection(ExtensibilityGlobals) = postSolution
		SolutionGuid = {841C1A84-ADF7-4582-806B-13739DA23AAF}
	EndGlobalSection
EndGlobal
